{
  "lockfileVersion": 0,
  "workspaces": {
    "": {
      "dependencies": {
        "@types/geojson": "^7946.0.16",
        "globe.gl": "^2.34.6",
        "three": "^0.172.0",
      },
      "devDependencies": {
        "@types/three": "^0.172.0",
      },
    },
  },
  "packages": {
    "@babel/runtime": ["@babel/runtime@7.26.0", "", { "dependencies": { "regenerator-runtime": "^0.14.0" } }, "sha512-FDSOghenHTiToteC/QRlv2q3DhPZ/oOXTBoirfWNx1Cx3TMVcGWQtMMmQcSvb/JjpNeGzx8Pq/b4fKEJuWm1sw=="],

    "@turf/boolean-point-in-polygon": ["@turf/boolean-point-in-polygon@7.2.0", "", { "dependencies": { "@turf/helpers": "^7.2.0", "@turf/invariant": "^7.2.0", "@types/geojson": "^7946.0.10", "point-in-polygon-hao": "^1.1.0", "tslib": "^2.8.1" } }, "sha512-lvEOjxeXIp+wPXgl9kJA97dqzMfNexjqHou+XHVcfxQgolctoJiRYmcVCWGpiZ9CBf/CJha1KmD1qQoRIsjLaA=="],

    "@turf/helpers": ["@turf/helpers@7.2.0", "", { "dependencies": { "@types/geojson": "^7946.0.10", "tslib": "^2.8.1" } }, "sha512-cXo7bKNZoa7aC7ydLmUR02oB3IgDe7MxiPuRz3cCtYQHn+BJ6h1tihmamYDWWUlPHgSNF0i3ATc4WmDECZafKw=="],

    "@turf/invariant": ["@turf/invariant@7.2.0", "", { "dependencies": { "@turf/helpers": "^7.2.0", "@types/geojson": "^7946.0.10", "tslib": "^2.8.1" } }, "sha512-kV4u8e7Gkpq+kPbAKNC21CmyrXzlbBgFjO1PhrHPgEdNqXqDawoZ3i6ivE3ULJj2rSesCjduUaC/wyvH/sNr2Q=="],

    "@tweenjs/tween.js": ["@tweenjs/tween.js@23.1.3", "", {}, "sha512-vJmvvwFxYuGnF2axRtPYocag6Clbb5YS7kLL+SO/TeVFzHqDIWrNKYtcsPMibjDx9O+bu+psAy9NKfWklassUA=="],

    "@types/geojson": ["@types/geojson@7946.0.16", "", {}, "sha512-6C8nqWur3j98U6+lXDfTUWIfgvZU+EumvpHKcYjujKH7woYyLj2sUmff0tRhrqM7BohUw7Pz3ZB1jj2gW9Fvmg=="],

    "@types/stats.js": ["@types/stats.js@0.17.3", "", {}, "sha512-pXNfAD3KHOdif9EQXZ9deK82HVNaXP5ZIF5RP2QG6OQFNTaY2YIetfrE9t528vEreGQvEPRDDc8muaoYeK0SxQ=="],

    "@types/three": ["@types/three@0.172.0", "", { "dependencies": { "@tweenjs/tween.js": "~23.1.3", "@types/stats.js": "*", "@types/webxr": "*", "@webgpu/types": "*", "fflate": "~0.8.2", "meshoptimizer": "~0.18.1" } }, "sha512-LrUtP3FEG26Zg5WiF0nbg8VoXiKokBLTcqM2iLvM9vzcfEiYmmBAPGdBgV0OYx9fvWlY3R/3ERTZcD9X5sc0NA=="],

    "@types/webxr": ["@types/webxr@0.5.20", "", {}, "sha512-JGpU6qiIJQKUuVSKx1GtQnHJGxRjtfGIhzO2ilq43VZZS//f1h1Sgexbdk+Lq+7569a6EYhOWrUpIruR/1Enmg=="],

    "@webgpu/types": ["@webgpu/types@0.1.52", "", {}, "sha512-eI883Nlag2hGIkhXxAnq8s4APpqXWuPL3Gbn2ghiU12UjLvfCbVqHK4XfXl3eLRTatqcMmeK7jws7IwWsGfbzw=="],

    "accessor-fn": ["accessor-fn@1.5.1", "", {}, "sha512-zZpFYBqIL1Aqg+f2qmYHJ8+yIZF7/tP6PUGx2/QM0uGPSO5UegpinmkNwDohxWtOj586BpMPVRUjce2HI6xB3A=="],

    "d3-array": ["d3-array@3.2.4", "", { "dependencies": { "internmap": "1 - 2" } }, "sha512-tdQAmyA18i4J7wprpYq8ClcxZy3SC31QMeByyCFyRt7BVHdREQZ5lpzoe5mFEYZUWe+oq8HBvk9JjpibyEV4Jg=="],

    "d3-color": ["d3-color@3.1.0", "", {}, "sha512-zg/chbXyeBtMQ1LbD/WSoW2DpC3I0mpmPdW+ynRTj/x2DAWYrIY7qeZIHidozwV24m4iavr15lNwIwLxRmOxhA=="],

    "d3-delaunay": ["d3-delaunay@6.0.4", "", { "dependencies": { "delaunator": "5" } }, "sha512-mdjtIZ1XLAM8bm/hx3WwjfHt6Sggek7qH043O8KEjDXN40xi3vx/6pYSVTwLjEgiXQTbvaouWKynLBiUZ6SK6A=="],

    "d3-format": ["d3-format@3.1.0", "", {}, "sha512-YyUI6AEuY/Wpt8KWLgZHsIU86atmikuoOmCfommt0LYHiQSPjvX2AcFc38PX0CBpr2RCyZhjex+NS/LPOv6YqA=="],

    "d3-geo": ["d3-geo@3.1.1", "", { "dependencies": { "d3-array": "2.5.0 - 3" } }, "sha512-637ln3gXKXOwhalDzinUgY83KzNWZRKbYubaG+fGVuc/dxO64RRljtCTnf5ecMyE1RIdtqpkVcq0IbtU2S8j2Q=="],

    "d3-geo-voronoi": ["d3-geo-voronoi@2.1.0", "", { "dependencies": { "d3-array": "3", "d3-delaunay": "6", "d3-geo": "3", "d3-tricontour": "1" } }, "sha512-kqE4yYuOjPbKdBXG0xztCacPwkVSK2REF1opSNrnqqtXJmNcM++UbwQ8SxvwP6IQTj9RvIjjK4qeiVsEfj0Z2Q=="],

    "d3-interpolate": ["d3-interpolate@3.0.1", "", { "dependencies": { "d3-color": "1 - 3" } }, "sha512-3bYs1rOD33uo8aqJfKP3JWPAibgw8Zm2+L9vBKEHJ2Rg+viTR7o5Mmv5mZcieN+FRYaAOWX5SJATX6k1PWz72g=="],

    "d3-scale": ["d3-scale@4.0.2", "", { "dependencies": { "d3-array": "2.10.0 - 3", "d3-format": "1 - 3", "d3-interpolate": "1.2.0 - 3", "d3-time": "2.1.1 - 3", "d3-time-format": "2 - 4" } }, "sha512-GZW464g1SH7ag3Y7hXjf8RoUuAFIqklOAq3MRl4OaWabTFJY9PN/E1YklhXLh+OQ3fM9yS2nOkCoS+WLZ6kvxQ=="],

    "d3-scale-chromatic": ["d3-scale-chromatic@3.1.0", "", { "dependencies": { "d3-color": "1 - 3", "d3-interpolate": "1 - 3" } }, "sha512-A3s5PWiZ9YCXFye1o246KoscMWqf8BsD9eRiJ3He7C9OBaxKhAd5TFCdEx/7VbKtxxTsu//1mMJFrEt572cEyQ=="],

    "d3-time": ["d3-time@3.1.0", "", { "dependencies": { "d3-array": "2 - 3" } }, "sha512-VqKjzBLejbSMT4IgbmVgDjpkYrNWUYJnbCGo874u7MMKIWsILRX+OpX/gTk8MqjpT1A/c6HY2dCA77ZN0lkQ2Q=="],

    "d3-time-format": ["d3-time-format@4.1.0", "", { "dependencies": { "d3-time": "1 - 3" } }, "sha512-dJxPBlzC7NugB2PDLwo9Q8JiTR3M3e4/XANkreKSUxF8vvXKqm1Yfq4Q5dl8budlunRVlUUaDUgFt7eA8D6NLg=="],

    "d3-tricontour": ["d3-tricontour@1.0.2", "", { "dependencies": { "d3-delaunay": "6", "d3-scale": "4" } }, "sha512-HIRxHzHagPtUPNabjOlfcyismJYIsc+Xlq4mlsts4e8eAcwyq9Tgk/sYdyhlBpQ0MHwVquc/8j+e29YjXnmxeA=="],

    "data-bind-mapper": ["data-bind-mapper@1.0.1", "", { "dependencies": { "accessor-fn": "1" } }, "sha512-xWkgLj/mSDs/Y2flAMXwLKxnCh+rFScf4N8hSOtpsMxXYXui7CbtIUYP52VXQze9HhRND2Ua/AiEHZ8j/vtB0w=="],

    "delaunator": ["delaunator@5.0.1", "", { "dependencies": { "robust-predicates": "^3.0.2" } }, "sha512-8nvh+XBe96aCESrGOqMp/84b13H9cdKbG5P2ejQCh4d4sK9RL4371qou9drQjMhvnPmhWl5hnmqbEE0fXr9Xnw=="],

    "earcut": ["earcut@3.0.1", "", {}, "sha512-0l1/0gOjESMeQyYaK5IDiPNvFeu93Z/cO0TjZh9eZ1vyCtZnA7KMZ8rQggpsJHIbGSdrqYq9OhuveadOVHCshw=="],

    "fflate": ["fflate@0.8.2", "", {}, "sha512-cPJU47OaAoCbg0pBvzsgpTPhmhqI5eJjh/JIu8tPj5q+T7iLvW/JAYUqmE7KOB4R1ZyEhzBaIQpQpardBF5z8A=="],

    "frame-ticker": ["frame-ticker@1.0.3", "", { "dependencies": { "simplesignal": "^2.1.6" } }, "sha512-E0X2u2JIvbEMrqEg5+4BpTqaD22OwojJI63K7MdKHdncjtAhGRbCR8nJCr2vwEt9NWBPCPcu70X9smPviEBy8Q=="],

    "globe.gl": ["globe.gl@2.34.6", "", { "dependencies": { "@tweenjs/tween.js": "18 - 25", "accessor-fn": "1", "kapsule": "^1.16", "three": ">=0.154 <1", "three-globe": "^2.39", "three-render-objects": "^1.31" } }, "sha512-2abKObOPAHkJhvTKgJ0AgzAbyAVgA8Dzv2Axvs8bifQobr1+NVuurg94nqrEibXnrooPG8lbgcQhsGNtMjyygQ=="],

    "h3-js": ["h3-js@4.1.0", "", {}, "sha512-LQhmMl1dRQQjMXPzJc7MpZ/CqPOWWuAvVEoVJM9n/s7vHypj+c3Pd5rLQCkAsOgAoAYKbNCsYFE++LF7MvSfCQ=="],

    "index-array-by": ["index-array-by@1.4.2", "", {}, "sha512-SP23P27OUKzXWEC/TOyWlwLviofQkCSCKONnc62eItjp69yCZZPqDQtr3Pw5gJDnPeUMqExmKydNZaJO0FU9pw=="],

    "internmap": ["internmap@2.0.3", "", {}, "sha512-5Hh7Y1wQbvY5ooGgPbDaL5iYLAPzMTUrjMulskHLH6wnv/A+1q5rgEaiuqEjB+oxGXIVZs1FF+R/KPN3ZSQYYg=="],

    "kapsule": ["kapsule@1.16.0", "", { "dependencies": { "lodash-es": "4" } }, "sha512-4f/z/Luu0cEXmagCwaFyzvfZai2HKgB4CQLwmsMUA+jlUbW94HfFSX+TWZxzWoMSO6b6aR+FD2Xd5z88VYZJTw=="],

    "lodash-es": ["lodash-es@4.17.21", "", {}, "sha512-mKnC+QJ9pWVzv+C4/U3rRsHapFfHvQFoFB92e52xeyGMcX6/OlIl78je1u8vePzYZSkkogMPJ2yjxxsb89cxyw=="],

    "meshoptimizer": ["meshoptimizer@0.18.1", "", {}, "sha512-ZhoIoL7TNV4s5B6+rx5mC//fw8/POGyNxS/DZyCJeiZ12ScLfVwRE/GfsxwiTkMYYD5DmK2/JXnEVXqL4rF+Sw=="],

    "point-in-polygon-hao": ["point-in-polygon-hao@1.2.4", "", { "dependencies": { "robust-predicates": "^3.0.2" } }, "sha512-x2pcvXeqhRHlNRdhLs/tgFapAbSSe86wa/eqmj1G6pWftbEs5aVRJhRGM6FYSUERKu0PjekJzMq0gsI2XyiclQ=="],

    "polished": ["polished@4.3.1", "", { "dependencies": { "@babel/runtime": "^7.17.8" } }, "sha512-OBatVyC/N7SCW/FaDHrSd+vn0o5cS855TOmYi4OkdWUMSJCET/xip//ch8xGUvtr3i44X9LVyWwQlRMTN3pwSA=="],

    "rafor": ["rafor@1.0.2", "", {}, "sha512-b8e8/srbSbC0FZTxivEz9pj5z1mQM8CpCEv1aAxuaK26ljSOHJk8AjimcTaHpHIZlwH/VPbli12LuKKrJyyGmA=="],

    "regenerator-runtime": ["regenerator-runtime@0.14.1", "", {}, "sha512-dYnhHh0nJoMfnkZs6GmmhFknAGRrLznOu5nc9ML+EJxGvrx6H7teuevqVqCuPcPK//3eDrrjQhehXVx9cnkGdw=="],

    "robust-predicates": ["robust-predicates@3.0.2", "", {}, "sha512-IXgzBWvWQwE6PrDI05OvmXUIruQTcoMDzRsOd5CDvHCVLcLHMTSYvOK5Cm46kWqlV3yAbuSpBZdJ5oP5OUoStg=="],

    "simplesignal": ["simplesignal@2.1.7", "", {}, "sha512-PEo2qWpUke7IMhlqiBxrulIFvhJRLkl1ih52Rwa+bPjzhJepcd4GIjn2RiQmFSx3dQvsEAgF0/lXMwMN7vODaA=="],

    "three": ["three@0.172.0", "", {}, "sha512-6HMgMlzU97MsV7D/tY8Va38b83kz8YJX+BefKjspMNAv0Vx6dxMogHOrnRl/sbMIs3BPUKijPqDqJ/+UwJbIow=="],

    "three-conic-polygon-geometry": ["three-conic-polygon-geometry@2.0.1", "", { "dependencies": { "@turf/boolean-point-in-polygon": "^7.1", "d3-array": "1 - 3", "d3-geo": "1 - 3", "d3-geo-voronoi": "2", "d3-scale": "1 - 4", "delaunator": "5", "earcut": "3" }, "peerDependencies": { "three": ">=0.72.0" } }, "sha512-SIOfABS2uFY+ciOda8a4KbSYdBa8tn+dus90nuFI9LOAd3c1AYZ9G2+u+by68dlmFmIjPw2n7Bfdw1dY2fKfVw=="],

    "three-geojson-geometry": ["three-geojson-geometry@2.1.0", "", { "dependencies": { "d3-geo": "1 - 3", "d3-interpolate": "1 - 3", "earcut": "3" }, "peerDependencies": { "three": ">=0.72.0" } }, "sha512-BIc6fH9gAU3p3YpPp/MUK009fymgwzft7i/AaXHCp+4VwuKXsj47/X+/1P/XYuQAWpncgFmorsIs6BgjPFdSmw=="],

    "three-globe": ["three-globe@2.39.1", "", { "dependencies": { "@tweenjs/tween.js": "18 - 25", "accessor-fn": "1", "d3-array": "3", "d3-color": "3", "d3-geo": "3", "d3-interpolate": "3", "d3-scale": "4", "d3-scale-chromatic": "3", "data-bind-mapper": "1", "frame-ticker": "1", "h3-js": "4", "index-array-by": "1", "kapsule": "^1.16", "three-conic-polygon-geometry": "2", "three-geojson-geometry": "2", "tinycolor2": "1", "yaot": "^1.1" }, "peerDependencies": { "three": ">=0.154" } }, "sha512-1JGTDLJNcat0Nn7/9dnUOzsdDD9aBICM8cf8anOjEd1wzbmt1ZZlzkvAVP7bLZ+NBZYCududjdnPtca5F2w3Cw=="],

    "three-render-objects": ["three-render-objects@1.32.1", "", { "dependencies": { "@tweenjs/tween.js": "18 - 25", "accessor-fn": "1", "kapsule": "^1.16", "polished": "4" }, "peerDependencies": { "three": ">=0.168" } }, "sha512-HcbVhMFwPxtxrrQYe+pD8HFZmx22lYuYZeHXcZlDdxqWyr5wAZgjD+vX23oALrmP3i1LW8udheXxbntwYmA9sw=="],

    "tinycolor2": ["tinycolor2@1.6.0", "", {}, "sha512-XPaBkWQJdsf3pLKJV9p4qN/S+fm2Oj8AIPo1BTUhg5oxkvm9+SVEGFdhyOz7tTdUTfvxMiAs4sp6/eZO2Ew+pw=="],

    "tslib": ["tslib@2.8.1", "", {}, "sha512-oJFu94HQb+KVduSUQL7wnpmqnfmLsOA/nAh6b6EH0wCEoK0/mPeXU6c3wKDV83MkOuHPRHtSXKKU99IBazS/2w=="],

    "yaot": ["yaot@1.1.3", "", { "dependencies": { "rafor": "^1.0.2" } }, "sha512-AE8LInj21hTuA01RUK+9pSsl0ltQXO+rxn4Q+CJT4+NI/X7dhGGblF7vvzGj6ro0qXRCGAE/7ccEfu6S4DJayw=="],

    "@turf/boolean-point-in-polygon/@types/geojson": ["@types/geojson@7946.0.15", "", {}, "sha512-9oSxFzDCT2Rj6DfcHF8G++jxBKS7mBqXl5xrRW+Kbvjry6Uduya2iiwqHPhVXpasAVMBYKkEPGgKhd3+/HZ6xA=="],

    "@turf/helpers/@types/geojson": ["@types/geojson@7946.0.15", "", {}, "sha512-9oSxFzDCT2Rj6DfcHF8G++jxBKS7mBqXl5xrRW+Kbvjry6Uduya2iiwqHPhVXpasAVMBYKkEPGgKhd3+/HZ6xA=="],

    "@turf/invariant/@types/geojson": ["@types/geojson@7946.0.15", "", {}, "sha512-9oSxFzDCT2Rj6DfcHF8G++jxBKS7mBqXl5xrRW+Kbvjry6Uduya2iiwqHPhVXpasAVMBYKkEPGgKhd3+/HZ6xA=="],
  }
}
